PODS:
  - ASIHTTPRequest (1.8.2):
    - ASIHTTPRequest/ASIWebPageRequest
    - ASIHTTPRequest/CloudFiles
    - ASIHTTPRequest/Core
    - ASIHTTPRequest/S3
  - ASIHTTPRequest/ASIWebPageRequest (1.8.2):
    - ASIHTTPRequest/Core
  - ASIHTTPRequest/CloudFiles (1.8.2):
    - ASIHTTPRequest/Core
  - ASIHTTPRequest/Core (1.8.2):
    - Reachability
  - ASIHTTPRequest/S3 (1.8.2):
    - ASIHTTPRequest/Core
  - BlocksKit (2.2.2):
    - BlocksKit/All
  - BlocksKit/All (2.2.2):
    - BlocksKit/Core
    - BlocksKit/DynamicDelegate
    - BlocksKit/MessageUI
    - BlocksKit/UIKit
  - BlocksKit/Core (2.2.2)
  - BlocksKit/DynamicDelegate (2.2.2)
  - BlocksKit/MessageUI (2.2.2):
    - BlocksKit/Core
    - BlocksKit/DynamicDelegate
  - BlocksKit/UIKit (2.2.2):
    - BlocksKit/Core
    - BlocksKit/DynamicDelegate
  - DDProgressView (0.1)
  - FlurrySDK (4.4.0):
    - FlurrySDK/FlurrySDK
  - FlurrySDK/FlurrySDK (4.4.0)
  - FMDB (2.3):
    - FMDB/standard
  - FMDB/common (2.3)
  - FMDB/standard (2.3):
    - FMDB/common
  - iOS7Colors (2.1.0)
  - MBProgressHUD (0.8)
  - ODRefreshControl (1.1.0)
  - PPRevealSideViewController (1.0.1)
  - Reachability (3.1.1)
  - XMLReader (0.0.2)

DEPENDENCIES:
  - ASIHTTPRequest (~> 1.8.1)
  - BlocksKit (~> 2.2.2)
  - DDProgressView (~> 0.1)
  - FlurrySDK (~> 4.4.0)
  - FMDB (~> 2.2)
  - iOS7Colors (~> 2.1.0)
  - MBProgressHUD (~> 0.8)
  - ODRefreshControl (~> 1.1.0)
  - PPRevealSideViewController (~> 1.0.1)
  - XMLReader (~> 0.0.2)

SPEC CHECKSUMS:
  ASIHTTPRequest: 0b05282cf3c422c3474eff98c5bb8c1192b91b86
  BlocksKit: 125e4e69a62e3b85bacc5175737dae000b00b9fb
  DDProgressView: 3f6651900c7357e5d240a18ceece91a370cc96f6
  FlurrySDK: 2cd8f2ce2383ca152c5d96fa34cb9ef29706feda
  FMDB: 8b6b69b1164e3007d7f4b3b3719e667602ec247e
  iOS7Colors: 7f1baa6d5a44f3bd9030d81e2d3072d4d57667b7
  MBProgressHUD: 2bbc6f470111daf7f3eaa4eb12b8cbf01c4c0622
  ODRefreshControl: 886e323a7c25114b9e5c397a9eefbebc034224a9
  PPRevealSideViewController: b687e80c29a301b8f5a5b573c022c7da0b6af11e
  Reachability: be4883bb93f31e38266ae3365e5600a317aae735
  XMLReader: 8ad7c573001e3d826d26a8c01144d37c707d20fa

COCOAPODS: 0.32.1
